
Microsoft Visual Studio Solution File, Format Version 12.00
# Visual Studio 15
VisualStudioVersion = 15.0.27428.2037
MinimumVisualStudioVersion = 10.0.40219.1
Project("{2150E333-8FDC-42A3-9474-1A3956D46DE8}") = "Chapter02", "Chapter02", "{0959E05D-41C6-4BE2-850D-1079C7A98AB6}"
EndProject
Project("{8BC9CEB8-8B4A-11D0-8D11-00A0C91BC942}") = "HelloWorld", "HelloWorld\HelloWorld.vcxproj", "{FEA6ADCB-91A7-4C0C-925D-337CFD13DF8E}"
EndProject
Project("{8BC9CEB8-8B4A-11D0-8D11-00A0C91BC942}") = "HelloWorldAgain", "HelloWorldAgain\HelloWorldAgain.vcxproj", "{25FA6F70-61D3-43F6-BD19-EE5EFFF52B25}"
EndProject
Project("{8BC9CEB8-8B4A-11D0-8D11-00A0C91BC942}") = "HelloWorldArgs", "HelloWorldArgs\HelloWorldArgs.vcxproj", "{57CBF06F-6C6D-4053-8D5F-7CDFCFCBB48C}"
EndProject
Project("{8BC9CEB8-8B4A-11D0-8D11-00A0C91BC942}") = "Printf", "Printf\Printf.vcxproj", "{3C9E80F2-C6E6-436D-8E8C-818B26C00EAE}"
EndProject
Project("{2150E333-8FDC-42A3-9474-1A3956D46DE8}") = "Chapter03", "Chapter03", "{6FB99729-D1F2-47DB-AAE6-997F5B2E5FD4}"
EndProject
Project("{8BC9CEB8-8B4A-11D0-8D11-00A0C91BC942}") = "01_Calc", "01_Calc\01_Calc.vcxproj", "{C16D7BF4-8F90-4BF0-B643-A72EC16E446B}"
EndProject
Project("{8BC9CEB8-8B4A-11D0-8D11-00A0C91BC942}") = "02_Calc", "02_Calc\02_Calc.vcxproj", "{CE41D7FC-1671-4419-ADAE-C7A808654BE0}"
EndProject
Project("{8BC9CEB8-8B4A-11D0-8D11-00A0C91BC942}") = "03_Calc", "03_Calc\03_Calc.vcxproj", "{3DA853FE-681C-44D7-824B-BA0AD82AF873}"
EndProject
Project("{8BC9CEB8-8B4A-11D0-8D11-00A0C91BC942}") = "NamingConventions", "NamingConventions\NamingConventions.vcxproj", "{F638ABEE-E42C-4F5B-95DD-501C96204B68}"
EndProject
Project("{2150E333-8FDC-42A3-9474-1A3956D46DE8}") = "Chapter04", "Chapter04", "{813CD399-38AE-41BC-B830-D17CE414CBA8}"
EndProject
Project("{8BC9CEB8-8B4A-11D0-8D11-00A0C91BC942}") = "Operators", "Operators\Operators.vcxproj", "{F656A5E6-AB25-4EF1-8129-D5DFD0A181E1}"
EndProject
Project("{8BC9CEB8-8B4A-11D0-8D11-00A0C91BC942}") = "TestAge1", "TestAge1\TestAge1.vcxproj", "{69CDA7D4-6168-47DF-ABA2-BE2A12FD2321}"
EndProject
Project("{8BC9CEB8-8B4A-11D0-8D11-00A0C91BC942}") = "TestAge2", "TestAge2\TestAge2.vcxproj", "{E9D5A4FC-5713-43E0-8DF2-96E32D803507}"
EndProject
Project("{8BC9CEB8-8B4A-11D0-8D11-00A0C91BC942}") = "GetInput", "GetInput\GetInput.vcxproj", "{BE702A45-1B1F-4FEE-ABB3-2A4E45402F11}"
EndProject
Project("{8BC9CEB8-8B4A-11D0-8D11-00A0C91BC942}") = "ReadLine", "ReadLine\ReadLine.vcxproj", "{3A350FEB-1E50-4EA9-97A2-DC78D1DF570C}"
EndProject
Project("{8BC9CEB8-8B4A-11D0-8D11-00A0C91BC942}") = "LogicalOperators", "LogicalOperators\LogicalOperators.vcxproj", "{BF732B88-9185-4156-8032-91BA63EB6CC7}"
EndProject
Project("{2150E333-8FDC-42A3-9474-1A3956D46DE8}") = "Chapter05", "Chapter05", "{C27412CD-0C5D-4C46-9480-73E6A4B09D2A}"
EndProject
Project("{8BC9CEB8-8B4A-11D0-8D11-00A0C91BC942}") = "Functions", "Functions\Functions.vcxproj", "{2DE7EA2D-D426-4226-9E9D-50E9CC6F215B}"
EndProject
Project("{8BC9CEB8-8B4A-11D0-8D11-00A0C91BC942}") = "SwitchCase", "SwitchCase\SwitchCase.vcxproj", "{FCE4C4F0-141B-45FB-AFCD-0AF385E61AC4}"
EndProject
Project("{2150E333-8FDC-42A3-9474-1A3956D46DE8}") = "Chapter06", "Chapter06", "{3253BE6B-FB30-4E36-B830-CBADDBAB8CAC}"
EndProject
Project("{8BC9CEB8-8B4A-11D0-8D11-00A0C91BC942}") = "Arrays", "Arrays\Arrays.vcxproj", "{02CA7819-D942-42A7-9B25-A8E376F51091}"
EndProject
Project("{8BC9CEB8-8B4A-11D0-8D11-00A0C91BC942}") = "BreakAndContinue", "BreakAndContinue\BreakAndContinue.vcxproj", "{758B07E0-564A-4AF4-BD7B-59576703D729}"
EndProject
Project("{8BC9CEB8-8B4A-11D0-8D11-00A0C91BC942}") = "MultiDimensionArrays", "MultiDimensionArrays\MultiDimensionArrays.vcxproj", "{553C0C49-6054-4B03-8931-5F7C90AE644A}"
EndProject
Project("{2150E333-8FDC-42A3-9474-1A3956D46DE8}") = "Chapter07", "Chapter07", "{47C02BA1-476D-439E-B9CD-1E2BC6F314B3}"
EndProject
Project("{8BC9CEB8-8B4A-11D0-8D11-00A0C91BC942}") = "StringIndex", "StringIndex\StringIndex.vcxproj", "{9D8888B9-F0DF-4489-A08B-BD0A3F62186D}"
EndProject
Project("{8BC9CEB8-8B4A-11D0-8D11-00A0C91BC942}") = "StringsAndPointers", "StringsAndPointers\StringsAndPointers.vcxproj", "{5038561C-CFB3-4D2E-87AD-872A2B01C3FB}"
EndProject
Project("{8BC9CEB8-8B4A-11D0-8D11-00A0C91BC942}") = "StringsAndAddresses", "StringsAndAddresses\StringsAndAddresses.vcxproj", "{4842BDD0-37F5-4223-B3BE-0088107872D4}"
EndProject
Project("{8BC9CEB8-8B4A-11D0-8D11-00A0C91BC942}") = "ReturnStrings", "ReturnStrings\ReturnStrings.vcxproj", "{53A5091F-59B5-402B-89E1-635BD279B69A}"
EndProject
Project("{8BC9CEB8-8B4A-11D0-8D11-00A0C91BC942}") = "StringFunctions", "StringFunctions\StringFunctions.vcxproj", "{434650C5-E9A2-49E3-B6DD-1ABCC4CA50FD}"
EndProject
Project("{8BC9CEB8-8B4A-11D0-8D11-00A0C91BC942}") = "CharFunctions", "CharFunctions\CharFunctions.vcxproj", "{9313C0FC-CD23-4F96-A5A3-0C3BD1EADED6}"
EndProject
Project("{2150E333-8FDC-42A3-9474-1A3956D46DE8}") = "Chapter08", "Chapter08", "{350C790B-C70D-4623-915E-51969712CA19}"
EndProject
Project("{8BC9CEB8-8B4A-11D0-8D11-00A0C91BC942}") = "Structs", "Structs\Structs.vcxproj", "{AC0DEE6E-92DD-4415-86B1-D219BF9B5AC0}"
EndProject
Project("{8BC9CEB8-8B4A-11D0-8D11-00A0C91BC942}") = "Typedefs", "Typedefs\Typedefs.vcxproj", "{2C7DDB2A-2728-4145-8A88-4E93866BA1DC}"
EndProject
Project("{8BC9CEB8-8B4A-11D0-8D11-00A0C91BC942}") = "Enums", "Enums\Enums.vcxproj", "{2F0F1BD9-51D4-4841-A2F4-203DAEA0B7BA}"
EndProject
Project("{8BC9CEB8-8B4A-11D0-8D11-00A0C91BC942}") = "HeaderFiles", "HeaderFiles\HeaderFiles.vcxproj", "{3C154EC4-3A00-47C2-BA45-F51BF818D89A}"
EndProject
Project("{8BC9CEB8-8B4A-11D0-8D11-00A0C91BC942}") = "Scope", "Scope\Scope.vcxproj", "{D0CFC0FE-352B-4878-BACF-EE4C55131400}"
EndProject
Project("{2150E333-8FDC-42A3-9474-1A3956D46DE8}") = "Chapter09", "Chapter09", "{7BA3628E-7C1C-48AC-B1EA-BD158EE5E7AB}"
EndProject
Project("{8BC9CEB8-8B4A-11D0-8D11-00A0C91BC942}") = "FileBasics", "FileBasics\FileBasics.vcxproj", "{D352601A-7898-41C8-BE42-C99A4CA992B5}"
EndProject
Project("{8BC9CEB8-8B4A-11D0-8D11-00A0C91BC942}") = "FileStats", "FileStats\FileStats.vcxproj", "{AF7911DE-AFB9-4AA0-8AFD-C52EDA11C2B0}"
EndProject
Project("{8BC9CEB8-8B4A-11D0-8D11-00A0C91BC942}") = "FileSearchStr", "FileSearchStr\FileSearchStr.vcxproj", "{140C3C8F-735E-441E-A36B-B839A64EDDBC}"
EndProject
Project("{2150E333-8FDC-42A3-9474-1A3956D46DE8}") = "Chapter10", "Chapter10", "{7BC44C10-3259-4476-9045-0CD13CD4AA08}"
EndProject
Project("{8BC9CEB8-8B4A-11D0-8D11-00A0C91BC942}") = "ReadFile", "ReadFile\ReadFile.vcxproj", "{C8AA6FAB-E33C-4CD2-98C5-2DC83D0FDA0E}"
EndProject
Project("{8BC9CEB8-8B4A-11D0-8D11-00A0C91BC942}") = "CDdatabase", "CDdatabase\CDdatabase.vcxproj", "{DB3E25B7-88CE-4B40-9143-222375B74AD6}"
EndProject
Project("{8BC9CEB8-8B4A-11D0-8D11-00A0C91BC942}") = "SwitchBug", "SwitchBug\SwitchBug.vcxproj", "{F8E20B85-74A9-4DC3-B08A-CD1CB9462418}"
EndProject
Project("{8BC9CEB8-8B4A-11D0-8D11-00A0C91BC942}") = "BlockScope", "BlockScope\BlockScope.vcxproj", "{48479AEC-C50F-450A-8072-2E6760489779}"
EndProject
Project("{8BC9CEB8-8B4A-11D0-8D11-00A0C91BC942}") = "WhileLoops", "WhileLoops\WhileLoops.vcxproj", "{ACA83A0B-A5E4-412A-98F0-0C256BBE8579}"
EndProject
Global
	GlobalSection(SolutionConfigurationPlatforms) = preSolution
		Debug|x86 = Debug|x86
		Release|x86 = Release|x86
	EndGlobalSection
	GlobalSection(ProjectConfigurationPlatforms) = postSolution
		{FEA6ADCB-91A7-4C0C-925D-337CFD13DF8E}.Debug|x86.ActiveCfg = Debug|Win32
		{FEA6ADCB-91A7-4C0C-925D-337CFD13DF8E}.Debug|x86.Build.0 = Debug|Win32
		{FEA6ADCB-91A7-4C0C-925D-337CFD13DF8E}.Release|x86.ActiveCfg = Release|Win32
		{FEA6ADCB-91A7-4C0C-925D-337CFD13DF8E}.Release|x86.Build.0 = Release|Win32
		{25FA6F70-61D3-43F6-BD19-EE5EFFF52B25}.Debug|x86.ActiveCfg = Debug|Win32
		{25FA6F70-61D3-43F6-BD19-EE5EFFF52B25}.Debug|x86.Build.0 = Debug|Win32
		{25FA6F70-61D3-43F6-BD19-EE5EFFF52B25}.Release|x86.ActiveCfg = Release|Win32
		{25FA6F70-61D3-43F6-BD19-EE5EFFF52B25}.Release|x86.Build.0 = Release|Win32
		{57CBF06F-6C6D-4053-8D5F-7CDFCFCBB48C}.Debug|x86.ActiveCfg = Debug|Win32
		{57CBF06F-6C6D-4053-8D5F-7CDFCFCBB48C}.Debug|x86.Build.0 = Debug|Win32
		{57CBF06F-6C6D-4053-8D5F-7CDFCFCBB48C}.Release|x86.ActiveCfg = Release|Win32
		{57CBF06F-6C6D-4053-8D5F-7CDFCFCBB48C}.Release|x86.Build.0 = Release|Win32
		{3C9E80F2-C6E6-436D-8E8C-818B26C00EAE}.Debug|x86.ActiveCfg = Debug|Win32
		{3C9E80F2-C6E6-436D-8E8C-818B26C00EAE}.Debug|x86.Build.0 = Debug|Win32
		{3C9E80F2-C6E6-436D-8E8C-818B26C00EAE}.Release|x86.ActiveCfg = Release|Win32
		{3C9E80F2-C6E6-436D-8E8C-818B26C00EAE}.Release|x86.Build.0 = Release|Win32
		{C16D7BF4-8F90-4BF0-B643-A72EC16E446B}.Debug|x86.ActiveCfg = Debug|Win32
		{C16D7BF4-8F90-4BF0-B643-A72EC16E446B}.Debug|x86.Build.0 = Debug|Win32
		{C16D7BF4-8F90-4BF0-B643-A72EC16E446B}.Release|x86.ActiveCfg = Release|Win32
		{C16D7BF4-8F90-4BF0-B643-A72EC16E446B}.Release|x86.Build.0 = Release|Win32
		{CE41D7FC-1671-4419-ADAE-C7A808654BE0}.Debug|x86.ActiveCfg = Debug|Win32
		{CE41D7FC-1671-4419-ADAE-C7A808654BE0}.Debug|x86.Build.0 = Debug|Win32
		{CE41D7FC-1671-4419-ADAE-C7A808654BE0}.Release|x86.ActiveCfg = Release|Win32
		{CE41D7FC-1671-4419-ADAE-C7A808654BE0}.Release|x86.Build.0 = Release|Win32
		{3DA853FE-681C-44D7-824B-BA0AD82AF873}.Debug|x86.ActiveCfg = Debug|Win32
		{3DA853FE-681C-44D7-824B-BA0AD82AF873}.Debug|x86.Build.0 = Debug|Win32
		{3DA853FE-681C-44D7-824B-BA0AD82AF873}.Release|x86.ActiveCfg = Release|Win32
		{3DA853FE-681C-44D7-824B-BA0AD82AF873}.Release|x86.Build.0 = Release|Win32
		{F638ABEE-E42C-4F5B-95DD-501C96204B68}.Debug|x86.ActiveCfg = Debug|Win32
		{F638ABEE-E42C-4F5B-95DD-501C96204B68}.Debug|x86.Build.0 = Debug|Win32
		{F638ABEE-E42C-4F5B-95DD-501C96204B68}.Release|x86.ActiveCfg = Release|Win32
		{F638ABEE-E42C-4F5B-95DD-501C96204B68}.Release|x86.Build.0 = Release|Win32
		{F656A5E6-AB25-4EF1-8129-D5DFD0A181E1}.Debug|x86.ActiveCfg = Debug|Win32
		{F656A5E6-AB25-4EF1-8129-D5DFD0A181E1}.Debug|x86.Build.0 = Debug|Win32
		{F656A5E6-AB25-4EF1-8129-D5DFD0A181E1}.Release|x86.ActiveCfg = Release|Win32
		{F656A5E6-AB25-4EF1-8129-D5DFD0A181E1}.Release|x86.Build.0 = Release|Win32
		{69CDA7D4-6168-47DF-ABA2-BE2A12FD2321}.Debug|x86.ActiveCfg = Debug|Win32
		{69CDA7D4-6168-47DF-ABA2-BE2A12FD2321}.Debug|x86.Build.0 = Debug|Win32
		{69CDA7D4-6168-47DF-ABA2-BE2A12FD2321}.Release|x86.ActiveCfg = Release|Win32
		{69CDA7D4-6168-47DF-ABA2-BE2A12FD2321}.Release|x86.Build.0 = Release|Win32
		{E9D5A4FC-5713-43E0-8DF2-96E32D803507}.Debug|x86.ActiveCfg = Debug|Win32
		{E9D5A4FC-5713-43E0-8DF2-96E32D803507}.Debug|x86.Build.0 = Debug|Win32
		{E9D5A4FC-5713-43E0-8DF2-96E32D803507}.Release|x86.ActiveCfg = Release|Win32
		{E9D5A4FC-5713-43E0-8DF2-96E32D803507}.Release|x86.Build.0 = Release|Win32
		{BE702A45-1B1F-4FEE-ABB3-2A4E45402F11}.Debug|x86.ActiveCfg = Debug|Win32
		{BE702A45-1B1F-4FEE-ABB3-2A4E45402F11}.Debug|x86.Build.0 = Debug|Win32
		{BE702A45-1B1F-4FEE-ABB3-2A4E45402F11}.Release|x86.ActiveCfg = Release|Win32
		{BE702A45-1B1F-4FEE-ABB3-2A4E45402F11}.Release|x86.Build.0 = Release|Win32
		{3A350FEB-1E50-4EA9-97A2-DC78D1DF570C}.Debug|x86.ActiveCfg = Debug|Win32
		{3A350FEB-1E50-4EA9-97A2-DC78D1DF570C}.Debug|x86.Build.0 = Debug|Win32
		{3A350FEB-1E50-4EA9-97A2-DC78D1DF570C}.Release|x86.ActiveCfg = Release|Win32
		{3A350FEB-1E50-4EA9-97A2-DC78D1DF570C}.Release|x86.Build.0 = Release|Win32
		{BF732B88-9185-4156-8032-91BA63EB6CC7}.Debug|x86.ActiveCfg = Debug|Win32
		{BF732B88-9185-4156-8032-91BA63EB6CC7}.Debug|x86.Build.0 = Debug|Win32
		{BF732B88-9185-4156-8032-91BA63EB6CC7}.Release|x86.ActiveCfg = Release|Win32
		{BF732B88-9185-4156-8032-91BA63EB6CC7}.Release|x86.Build.0 = Release|Win32
		{2DE7EA2D-D426-4226-9E9D-50E9CC6F215B}.Debug|x86.ActiveCfg = Debug|Win32
		{2DE7EA2D-D426-4226-9E9D-50E9CC6F215B}.Debug|x86.Build.0 = Debug|Win32
		{2DE7EA2D-D426-4226-9E9D-50E9CC6F215B}.Release|x86.ActiveCfg = Release|Win32
		{2DE7EA2D-D426-4226-9E9D-50E9CC6F215B}.Release|x86.Build.0 = Release|Win32
		{FCE4C4F0-141B-45FB-AFCD-0AF385E61AC4}.Debug|x86.ActiveCfg = Debug|Win32
		{FCE4C4F0-141B-45FB-AFCD-0AF385E61AC4}.Debug|x86.Build.0 = Debug|Win32
		{FCE4C4F0-141B-45FB-AFCD-0AF385E61AC4}.Release|x86.ActiveCfg = Release|Win32
		{FCE4C4F0-141B-45FB-AFCD-0AF385E61AC4}.Release|x86.Build.0 = Release|Win32
		{02CA7819-D942-42A7-9B25-A8E376F51091}.Debug|x86.ActiveCfg = Debug|Win32
		{02CA7819-D942-42A7-9B25-A8E376F51091}.Debug|x86.Build.0 = Debug|Win32
		{02CA7819-D942-42A7-9B25-A8E376F51091}.Release|x86.ActiveCfg = Release|Win32
		{02CA7819-D942-42A7-9B25-A8E376F51091}.Release|x86.Build.0 = Release|Win32
		{758B07E0-564A-4AF4-BD7B-59576703D729}.Debug|x86.ActiveCfg = Debug|Win32
		{758B07E0-564A-4AF4-BD7B-59576703D729}.Debug|x86.Build.0 = Debug|Win32
		{758B07E0-564A-4AF4-BD7B-59576703D729}.Release|x86.ActiveCfg = Release|Win32
		{758B07E0-564A-4AF4-BD7B-59576703D729}.Release|x86.Build.0 = Release|Win32
		{553C0C49-6054-4B03-8931-5F7C90AE644A}.Debug|x86.ActiveCfg = Debug|Win32
		{553C0C49-6054-4B03-8931-5F7C90AE644A}.Debug|x86.Build.0 = Debug|Win32
		{553C0C49-6054-4B03-8931-5F7C90AE644A}.Release|x86.ActiveCfg = Release|Win32
		{553C0C49-6054-4B03-8931-5F7C90AE644A}.Release|x86.Build.0 = Release|Win32
		{9D8888B9-F0DF-4489-A08B-BD0A3F62186D}.Debug|x86.ActiveCfg = Debug|Win32
		{9D8888B9-F0DF-4489-A08B-BD0A3F62186D}.Debug|x86.Build.0 = Debug|Win32
		{9D8888B9-F0DF-4489-A08B-BD0A3F62186D}.Release|x86.ActiveCfg = Release|Win32
		{9D8888B9-F0DF-4489-A08B-BD0A3F62186D}.Release|x86.Build.0 = Release|Win32
		{5038561C-CFB3-4D2E-87AD-872A2B01C3FB}.Debug|x86.ActiveCfg = Debug|Win32
		{5038561C-CFB3-4D2E-87AD-872A2B01C3FB}.Debug|x86.Build.0 = Debug|Win32
		{5038561C-CFB3-4D2E-87AD-872A2B01C3FB}.Release|x86.ActiveCfg = Release|Win32
		{5038561C-CFB3-4D2E-87AD-872A2B01C3FB}.Release|x86.Build.0 = Release|Win32
		{4842BDD0-37F5-4223-B3BE-0088107872D4}.Debug|x86.ActiveCfg = Debug|Win32
		{4842BDD0-37F5-4223-B3BE-0088107872D4}.Debug|x86.Build.0 = Debug|Win32
		{4842BDD0-37F5-4223-B3BE-0088107872D4}.Release|x86.ActiveCfg = Release|Win32
		{4842BDD0-37F5-4223-B3BE-0088107872D4}.Release|x86.Build.0 = Release|Win32
		{53A5091F-59B5-402B-89E1-635BD279B69A}.Debug|x86.ActiveCfg = Debug|Win32
		{53A5091F-59B5-402B-89E1-635BD279B69A}.Debug|x86.Build.0 = Debug|Win32
		{53A5091F-59B5-402B-89E1-635BD279B69A}.Release|x86.ActiveCfg = Release|Win32
		{53A5091F-59B5-402B-89E1-635BD279B69A}.Release|x86.Build.0 = Release|Win32
		{434650C5-E9A2-49E3-B6DD-1ABCC4CA50FD}.Debug|x86.ActiveCfg = Debug|Win32
		{434650C5-E9A2-49E3-B6DD-1ABCC4CA50FD}.Debug|x86.Build.0 = Debug|Win32
		{434650C5-E9A2-49E3-B6DD-1ABCC4CA50FD}.Release|x86.ActiveCfg = Release|Win32
		{434650C5-E9A2-49E3-B6DD-1ABCC4CA50FD}.Release|x86.Build.0 = Release|Win32
		{9313C0FC-CD23-4F96-A5A3-0C3BD1EADED6}.Debug|x86.ActiveCfg = Debug|Win32
		{9313C0FC-CD23-4F96-A5A3-0C3BD1EADED6}.Debug|x86.Build.0 = Debug|Win32
		{9313C0FC-CD23-4F96-A5A3-0C3BD1EADED6}.Release|x86.ActiveCfg = Release|Win32
		{9313C0FC-CD23-4F96-A5A3-0C3BD1EADED6}.Release|x86.Build.0 = Release|Win32
		{AC0DEE6E-92DD-4415-86B1-D219BF9B5AC0}.Debug|x86.ActiveCfg = Debug|Win32
		{AC0DEE6E-92DD-4415-86B1-D219BF9B5AC0}.Debug|x86.Build.0 = Debug|Win32
		{AC0DEE6E-92DD-4415-86B1-D219BF9B5AC0}.Release|x86.ActiveCfg = Release|Win32
		{AC0DEE6E-92DD-4415-86B1-D219BF9B5AC0}.Release|x86.Build.0 = Release|Win32
		{2C7DDB2A-2728-4145-8A88-4E93866BA1DC}.Debug|x86.ActiveCfg = Debug|Win32
		{2C7DDB2A-2728-4145-8A88-4E93866BA1DC}.Debug|x86.Build.0 = Debug|Win32
		{2C7DDB2A-2728-4145-8A88-4E93866BA1DC}.Release|x86.ActiveCfg = Release|Win32
		{2C7DDB2A-2728-4145-8A88-4E93866BA1DC}.Release|x86.Build.0 = Release|Win32
		{2F0F1BD9-51D4-4841-A2F4-203DAEA0B7BA}.Debug|x86.ActiveCfg = Debug|Win32
		{2F0F1BD9-51D4-4841-A2F4-203DAEA0B7BA}.Debug|x86.Build.0 = Debug|Win32
		{2F0F1BD9-51D4-4841-A2F4-203DAEA0B7BA}.Release|x86.ActiveCfg = Release|Win32
		{2F0F1BD9-51D4-4841-A2F4-203DAEA0B7BA}.Release|x86.Build.0 = Release|Win32
		{3C154EC4-3A00-47C2-BA45-F51BF818D89A}.Debug|x86.ActiveCfg = Debug|Win32
		{3C154EC4-3A00-47C2-BA45-F51BF818D89A}.Debug|x86.Build.0 = Debug|Win32
		{3C154EC4-3A00-47C2-BA45-F51BF818D89A}.Release|x86.ActiveCfg = Release|Win32
		{3C154EC4-3A00-47C2-BA45-F51BF818D89A}.Release|x86.Build.0 = Release|Win32
		{D0CFC0FE-352B-4878-BACF-EE4C55131400}.Debug|x86.ActiveCfg = Debug|Win32
		{D0CFC0FE-352B-4878-BACF-EE4C55131400}.Debug|x86.Build.0 = Debug|Win32
		{D0CFC0FE-352B-4878-BACF-EE4C55131400}.Release|x86.ActiveCfg = Release|Win32
		{D0CFC0FE-352B-4878-BACF-EE4C55131400}.Release|x86.Build.0 = Release|Win32
		{D352601A-7898-41C8-BE42-C99A4CA992B5}.Debug|x86.ActiveCfg = Debug|Win32
		{D352601A-7898-41C8-BE42-C99A4CA992B5}.Debug|x86.Build.0 = Debug|Win32
		{D352601A-7898-41C8-BE42-C99A4CA992B5}.Release|x86.ActiveCfg = Release|Win32
		{D352601A-7898-41C8-BE42-C99A4CA992B5}.Release|x86.Build.0 = Release|Win32
		{AF7911DE-AFB9-4AA0-8AFD-C52EDA11C2B0}.Debug|x86.ActiveCfg = Debug|Win32
		{AF7911DE-AFB9-4AA0-8AFD-C52EDA11C2B0}.Debug|x86.Build.0 = Debug|Win32
		{AF7911DE-AFB9-4AA0-8AFD-C52EDA11C2B0}.Release|x86.ActiveCfg = Release|Win32
		{AF7911DE-AFB9-4AA0-8AFD-C52EDA11C2B0}.Release|x86.Build.0 = Release|Win32
		{140C3C8F-735E-441E-A36B-B839A64EDDBC}.Debug|x86.ActiveCfg = Debug|Win32
		{140C3C8F-735E-441E-A36B-B839A64EDDBC}.Debug|x86.Build.0 = Debug|Win32
		{140C3C8F-735E-441E-A36B-B839A64EDDBC}.Release|x86.ActiveCfg = Release|Win32
		{140C3C8F-735E-441E-A36B-B839A64EDDBC}.Release|x86.Build.0 = Release|Win32
		{C8AA6FAB-E33C-4CD2-98C5-2DC83D0FDA0E}.Debug|x86.ActiveCfg = Debug|Win32
		{C8AA6FAB-E33C-4CD2-98C5-2DC83D0FDA0E}.Debug|x86.Build.0 = Debug|Win32
		{C8AA6FAB-E33C-4CD2-98C5-2DC83D0FDA0E}.Release|x86.ActiveCfg = Release|Win32
		{C8AA6FAB-E33C-4CD2-98C5-2DC83D0FDA0E}.Release|x86.Build.0 = Release|Win32
		{DB3E25B7-88CE-4B40-9143-222375B74AD6}.Debug|x86.ActiveCfg = Debug|Win32
		{DB3E25B7-88CE-4B40-9143-222375B74AD6}.Debug|x86.Build.0 = Debug|Win32
		{DB3E25B7-88CE-4B40-9143-222375B74AD6}.Release|x86.ActiveCfg = Release|Win32
		{DB3E25B7-88CE-4B40-9143-222375B74AD6}.Release|x86.Build.0 = Release|Win32
		{F8E20B85-74A9-4DC3-B08A-CD1CB9462418}.Debug|x86.ActiveCfg = Debug|Win32
		{F8E20B85-74A9-4DC3-B08A-CD1CB9462418}.Debug|x86.Build.0 = Debug|Win32
		{F8E20B85-74A9-4DC3-B08A-CD1CB9462418}.Release|x86.ActiveCfg = Release|Win32
		{F8E20B85-74A9-4DC3-B08A-CD1CB9462418}.Release|x86.Build.0 = Release|Win32
		{48479AEC-C50F-450A-8072-2E6760489779}.Debug|x86.ActiveCfg = Debug|Win32
		{48479AEC-C50F-450A-8072-2E6760489779}.Debug|x86.Build.0 = Debug|Win32
		{48479AEC-C50F-450A-8072-2E6760489779}.Release|x86.ActiveCfg = Release|Win32
		{48479AEC-C50F-450A-8072-2E6760489779}.Release|x86.Build.0 = Release|Win32
		{ACA83A0B-A5E4-412A-98F0-0C256BBE8579}.Debug|x86.ActiveCfg = Debug|Win32
		{ACA83A0B-A5E4-412A-98F0-0C256BBE8579}.Debug|x86.Build.0 = Debug|Win32
		{ACA83A0B-A5E4-412A-98F0-0C256BBE8579}.Release|x86.ActiveCfg = Release|Win32
		{ACA83A0B-A5E4-412A-98F0-0C256BBE8579}.Release|x86.Build.0 = Release|Win32
	EndGlobalSection
	GlobalSection(SolutionProperties) = preSolution
		HideSolutionNode = FALSE
	EndGlobalSection
	GlobalSection(NestedProjects) = preSolution
		{FEA6ADCB-91A7-4C0C-925D-337CFD13DF8E} = {0959E05D-41C6-4BE2-850D-1079C7A98AB6}
		{25FA6F70-61D3-43F6-BD19-EE5EFFF52B25} = {0959E05D-41C6-4BE2-850D-1079C7A98AB6}
		{57CBF06F-6C6D-4053-8D5F-7CDFCFCBB48C} = {0959E05D-41C6-4BE2-850D-1079C7A98AB6}
		{3C9E80F2-C6E6-436D-8E8C-818B26C00EAE} = {0959E05D-41C6-4BE2-850D-1079C7A98AB6}
		{C16D7BF4-8F90-4BF0-B643-A72EC16E446B} = {6FB99729-D1F2-47DB-AAE6-997F5B2E5FD4}
		{CE41D7FC-1671-4419-ADAE-C7A808654BE0} = {6FB99729-D1F2-47DB-AAE6-997F5B2E5FD4}
		{3DA853FE-681C-44D7-824B-BA0AD82AF873} = {6FB99729-D1F2-47DB-AAE6-997F5B2E5FD4}
		{F638ABEE-E42C-4F5B-95DD-501C96204B68} = {6FB99729-D1F2-47DB-AAE6-997F5B2E5FD4}
		{F656A5E6-AB25-4EF1-8129-D5DFD0A181E1} = {813CD399-38AE-41BC-B830-D17CE414CBA8}
		{69CDA7D4-6168-47DF-ABA2-BE2A12FD2321} = {813CD399-38AE-41BC-B830-D17CE414CBA8}
		{E9D5A4FC-5713-43E0-8DF2-96E32D803507} = {813CD399-38AE-41BC-B830-D17CE414CBA8}
		{BE702A45-1B1F-4FEE-ABB3-2A4E45402F11} = {813CD399-38AE-41BC-B830-D17CE414CBA8}
		{3A350FEB-1E50-4EA9-97A2-DC78D1DF570C} = {813CD399-38AE-41BC-B830-D17CE414CBA8}
		{BF732B88-9185-4156-8032-91BA63EB6CC7} = {813CD399-38AE-41BC-B830-D17CE414CBA8}
		{2DE7EA2D-D426-4226-9E9D-50E9CC6F215B} = {C27412CD-0C5D-4C46-9480-73E6A4B09D2A}
		{FCE4C4F0-141B-45FB-AFCD-0AF385E61AC4} = {813CD399-38AE-41BC-B830-D17CE414CBA8}
		{02CA7819-D942-42A7-9B25-A8E376F51091} = {3253BE6B-FB30-4E36-B830-CBADDBAB8CAC}
		{758B07E0-564A-4AF4-BD7B-59576703D729} = {3253BE6B-FB30-4E36-B830-CBADDBAB8CAC}
		{553C0C49-6054-4B03-8931-5F7C90AE644A} = {3253BE6B-FB30-4E36-B830-CBADDBAB8CAC}
		{9D8888B9-F0DF-4489-A08B-BD0A3F62186D} = {47C02BA1-476D-439E-B9CD-1E2BC6F314B3}
		{5038561C-CFB3-4D2E-87AD-872A2B01C3FB} = {47C02BA1-476D-439E-B9CD-1E2BC6F314B3}
		{4842BDD0-37F5-4223-B3BE-0088107872D4} = {47C02BA1-476D-439E-B9CD-1E2BC6F314B3}
		{53A5091F-59B5-402B-89E1-635BD279B69A} = {47C02BA1-476D-439E-B9CD-1E2BC6F314B3}
		{434650C5-E9A2-49E3-B6DD-1ABCC4CA50FD} = {47C02BA1-476D-439E-B9CD-1E2BC6F314B3}
		{9313C0FC-CD23-4F96-A5A3-0C3BD1EADED6} = {47C02BA1-476D-439E-B9CD-1E2BC6F314B3}
		{AC0DEE6E-92DD-4415-86B1-D219BF9B5AC0} = {350C790B-C70D-4623-915E-51969712CA19}
		{2C7DDB2A-2728-4145-8A88-4E93866BA1DC} = {350C790B-C70D-4623-915E-51969712CA19}
		{2F0F1BD9-51D4-4841-A2F4-203DAEA0B7BA} = {350C790B-C70D-4623-915E-51969712CA19}
		{3C154EC4-3A00-47C2-BA45-F51BF818D89A} = {350C790B-C70D-4623-915E-51969712CA19}
		{D0CFC0FE-352B-4878-BACF-EE4C55131400} = {350C790B-C70D-4623-915E-51969712CA19}
		{D352601A-7898-41C8-BE42-C99A4CA992B5} = {7BA3628E-7C1C-48AC-B1EA-BD158EE5E7AB}
		{AF7911DE-AFB9-4AA0-8AFD-C52EDA11C2B0} = {7BA3628E-7C1C-48AC-B1EA-BD158EE5E7AB}
		{140C3C8F-735E-441E-A36B-B839A64EDDBC} = {7BA3628E-7C1C-48AC-B1EA-BD158EE5E7AB}
		{C8AA6FAB-E33C-4CD2-98C5-2DC83D0FDA0E} = {7BC44C10-3259-4476-9045-0CD13CD4AA08}
		{DB3E25B7-88CE-4B40-9143-222375B74AD6} = {7BC44C10-3259-4476-9045-0CD13CD4AA08}
		{F8E20B85-74A9-4DC3-B08A-CD1CB9462418} = {813CD399-38AE-41BC-B830-D17CE414CBA8}
		{48479AEC-C50F-450A-8072-2E6760489779} = {350C790B-C70D-4623-915E-51969712CA19}
		{ACA83A0B-A5E4-412A-98F0-0C256BBE8579} = {3253BE6B-FB30-4E36-B830-CBADDBAB8CAC}
	EndGlobalSection
	GlobalSection(ExtensibilityGlobals) = postSolution
		SolutionGuid = {B1D90638-19A5-4E69-9C8A-6A6CEFE56619}
	EndGlobalSection
EndGlobal
